// !$*UTF8*$!
{
	archiveVersion = 1;
	classes = {
	};
	objectVersion = 46;
	objects = {

/* Begin PBXBuildFile section */
		4852F60B1A72F61D00126FD4 /* AppDelegate.swift in Sources */ = {isa = PBXBuildFile; fileRef = 4852F60A1A72F61D00126FD4 /* AppDelegate.swift */; };
		4852F60D1A72F61D00126FD4 /* ViewController.swift in Sources */ = {isa = PBXBuildFile; fileRef = 4852F60C1A72F61D00126FD4 /* ViewController.swift */; };
		4852F6101A72F61D00126FD4 /* Main.storyboard in Resources */ = {isa = PBXBuildFile; fileRef = 4852F60E1A72F61D00126FD4 /* Main.storyboard */; };
		4852F6121A72F61D00126FD4 /* Images.xcassets in Resources */ = {isa = PBXBuildFile; fileRef = 4852F6111A72F61D00126FD4 /* Images.xcassets */; };
		4852F6151A72F61D00126FD4 /* LaunchScreen.xib in Resources */ = {isa = PBXBuildFile; fileRef = 4852F6131A72F61D00126FD4 /* LaunchScreen.xib */; };
		4852F6211A72F61D00126FD4 /* EmotiFaces_AppTests.swift in Sources */ = {isa = PBXBuildFile; fileRef = 4852F6201A72F61D00126FD4 /* EmotiFaces_AppTests.swift */; };
		4852F62B1A72F9FA00126FD4 /* 10428063_10155122623950599_7474945140074512348_n.jpg in Resources */ = {isa = PBXBuildFile; fileRef = 4852F62A1A72F9FA00126FD4 /* 10428063_10155122623950599_7474945140074512348_n.jpg */; };
		4852F62D1A72FD8000126FD4 /* latest.png in Resources */ = {isa = PBXBuildFile; fileRef = 4852F62C1A72FD8000126FD4 /* latest.png */; };
		487D97741A7FF22B00674A29 /* happyFace.png in Resources */ = {isa = PBXBuildFile; fileRef = 487D97731A7FF22B00674A29 /* happyFace.png */; };
		48B6945F1A78A69A009E532A /* CameraViewController.swift in Sources */ = {isa = PBXBuildFile; fileRef = 48B6945E1A78A69A009E532A /* CameraViewController.swift */; };
		48B694611A799362009E532A /* Screen Shot 2015-01-28 at 1.59.38 PM.png in Resources */ = {isa = PBXBuildFile; fileRef = 48B694601A799362009E532A /* Screen Shot 2015-01-28 at 1.59.38 PM.png */; };
		48E422F31A78325600B8F75E /* SwiftyJSON.swift in Sources */ = {isa = PBXBuildFile; fileRef = 48E422F21A78325600B8F75E /* SwiftyJSON.swift */; };
/* End PBXBuildFile section */

/* Begin PBXContainerItemProxy section */
		4852F61B1A72F61D00126FD4 /* PBXContainerItemProxy */ = {
			isa = PBXContainerItemProxy;
			containerPortal = 4852F5FD1A72F61D00126FD4 /* Project object */;
			proxyType = 1;
			remoteGlobalIDString = 4852F6041A72F61D00126FD4;
			remoteInfo = "EmotiFaces-App";
		};
/* End PBXContainerItemProxy section */

/* Begin PBXFileReference section */
		4852F6051A72F61D00126FD4 /* EmotiFaces-App.app */ = {isa = PBXFileReference; explicitFileType = wrapper.application; includeInIndex = 0; path = "EmotiFaces-App.app"; sourceTree = BUILT_PRODUCTS_DIR; };
		4852F6091A72F61D00126FD4 /* Info.plist */ = {isa = PBXFileReference; lastKnownFileType = text.plist.xml; path = Info.plist; sourceTree = "<group>"; };
		4852F60A1A72F61D00126FD4 /* AppDelegate.swift */ = {isa = PBXFileReference; lastKnownFileType = sourcecode.swift; path = AppDelegate.swift; sourceTree = "<group>"; };
		4852F60C1A72F61D00126FD4 /* ViewController.swift */ = {isa = PBXFileReference; lastKnownFileType = sourcecode.swift; path = ViewController.swift; sourceTree = "<group>"; };
		4852F60F1A72F61D00126FD4 /* Base */ = {isa = PBXFileReference; lastKnownFileType = file.storyboard; name = Base; path = Base.lproj/Main.storyboard; sourceTree = "<group>"; };
		4852F6111A72F61D00126FD4 /* Images.xcassets */ = {isa = PBXFileReference; lastKnownFileType = folder.assetcatalog; path = Images.xcassets; sourceTree = "<group>"; };
		4852F6141A72F61D00126FD4 /* Base */ = {isa = PBXFileReference; lastKnownFileType = file.xib; name = Base; path = Base.lproj/LaunchScreen.xib; sourceTree = "<group>"; };
		4852F61A1A72F61D00126FD4 /* EmotiFaces-AppTests.xctest */ = {isa = PBXFileReference; explicitFileType = wrapper.cfbundle; includeInIndex = 0; path = "EmotiFaces-AppTests.xctest"; sourceTree = BUILT_PRODUCTS_DIR; };
		4852F61F1A72F61D00126FD4 /* Info.plist */ = {isa = PBXFileReference; lastKnownFileType = text.plist.xml; path = Info.plist; sourceTree = "<group>"; };
		4852F6201A72F61D00126FD4 /* EmotiFaces_AppTests.swift */ = {isa = PBXFileReference; lastKnownFileType = sourcecode.swift; path = EmotiFaces_AppTests.swift; sourceTree = "<group>"; };
		4852F62A1A72F9FA00126FD4 /* 10428063_10155122623950599_7474945140074512348_n.jpg */ = {isa = PBXFileReference; lastKnownFileType = image.jpeg; path = 10428063_10155122623950599_7474945140074512348_n.jpg; sourceTree = SOURCE_ROOT; };
		4852F62C1A72FD8000126FD4 /* latest.png */ = {isa = PBXFileReference; lastKnownFileType = image.png; name = latest.png; path = ../../../latest.png; sourceTree = "<group>"; };
		487D97731A7FF22B00674A29 /* happyFace.png */ = {isa = PBXFileReference; lastKnownFileType = image.png; name = happyFace.png; path = "Images.xcassets/tab Icons.imageset/happyFace.png"; sourceTree = "<group>"; };
		48B6945E1A78A69A009E532A /* CameraViewController.swift */ = {isa = PBXFileReference; fileEncoding = 4; lastKnownFileType = sourcecode.swift; path = CameraViewController.swift; sourceTree = "<group>"; };
		48B694601A799362009E532A /* Screen Shot 2015-01-28 at 1.59.38 PM.png */ = {isa = PBXFileReference; lastKnownFileType = image.png; name = "Screen Shot 2015-01-28 at 1.59.38 PM.png"; path = "../../../Screen Shot 2015-01-28 at 1.59.38 PM.png"; sourceTree = "<group>"; };
		48E422F21A78325600B8F75E /* SwiftyJSON.swift */ = {isa = PBXFileReference; fileEncoding = 4; lastKnownFileType = sourcecode.swift; path = SwiftyJSON.swift; sourceTree = "<group>"; };
/* End PBXFileReference section */

/* Begin PBXFrameworksBuildPhase section */
		4852F6021A72F61D00126FD4 /* Frameworks */ = {
			isa = PBXFrameworksBuildPhase;
			buildActionMask = 2147483647;
			files = (
			);
			runOnlyForDeploymentPostprocessing = 0;
		};
		4852F6171A72F61D00126FD4 /* Frameworks */ = {
			isa = PBXFrameworksBuildPhase;
			buildActionMask = 2147483647;
			files = (
			);
			runOnlyForDeploymentPostprocessing = 0;
		};
/* End PBXFrameworksBuildPhase section */

/* Begin PBXGroup section */
		4852F5FC1A72F61D00126FD4 = {
			isa = PBXGroup;
			children = (
				4852F6071A72F61D00126FD4 /* EmotiFaces-App */,
				4852F61D1A72F61D00126FD4 /* EmotiFaces-AppTests */,
				4852F6061A72F61D00126FD4 /* Products */,
			);
			sourceTree = "<group>";
		};
		4852F6061A72F61D00126FD4 /* Products */ = {
			isa = PBXGroup;
			children = (
				4852F6051A72F61D00126FD4 /* EmotiFaces-App.app */,
				4852F61A1A72F61D00126FD4 /* EmotiFaces-AppTests.xctest */,
			);
			name = Products;
			sourceTree = "<group>";
		};
		4852F6071A72F61D00126FD4 /* EmotiFaces-App */ = {
			isa = PBXGroup;
			children = (
				4852F60A1A72F61D00126FD4 /* AppDelegate.swift */,
				4852F60C1A72F61D00126FD4 /* ViewController.swift */,
				48B6945E1A78A69A009E532A /* CameraViewController.swift */,
				4852F60E1A72F61D00126FD4 /* Main.storyboard */,
				487D97731A7FF22B00674A29 /* happyFace.png */,
				48B694601A799362009E532A /* Screen Shot 2015-01-28 at 1.59.38 PM.png */,
				4852F6111A72F61D00126FD4 /* Images.xcassets */,
				4852F62A1A72F9FA00126FD4 /* 10428063_10155122623950599_7474945140074512348_n.jpg */,
				4852F62C1A72FD8000126FD4 /* latest.png */,
				48E422F21A78325600B8F75E /* SwiftyJSON.swift */,
				4852F6131A72F61D00126FD4 /* LaunchScreen.xib */,
				4852F6081A72F61D00126FD4 /* Supporting Files */,
			);
			path = "EmotiFaces-App";
			sourceTree = "<group>";
		};
		4852F6081A72F61D00126FD4 /* Supporting Files */ = {
			isa = PBXGroup;
			children = (
				4852F6091A72F61D00126FD4 /* Info.plist */,
			);
			name = "Supporting Files";
			sourceTree = "<group>";
		};
		4852F61D1A72F61D00126FD4 /* EmotiFaces-AppTests */ = {
			isa = PBXGroup;
			children = (
				4852F6201A72F61D00126FD4 /* EmotiFaces_AppTests.swift */,
				4852F61E1A72F61D00126FD4 /* Supporting Files */,
			);
			path = "EmotiFaces-AppTests";
			sourceTree = "<group>";
		};
		4852F61E1A72F61D00126FD4 /* Supporting Files */ = {
			isa = PBXGroup;
			children = (
				4852F61F1A72F61D00126FD4 /* Info.plist */,
			);
			name = "Supporting Files";
			sourceTree = "<group>";
		};
/* End PBXGroup section */

/* Begin PBXNativeTarget section */
		4852F6041A72F61D00126FD4 /* EmotiFaces-App */ = {
			isa = PBXNativeTarget;
			buildConfigurationList = 4852F6241A72F61D00126FD4 /* Build configuration list for PBXNativeTarget "EmotiFaces-App" */;
			buildPhases = (
				4852F6011A72F61D00126FD4 /* Sources */,
				4852F6021A72F61D00126FD4 /* Frameworks */,
				4852F6031A72F61D00126FD4 /* Resources */,
			);
			buildRules = (
			);
			dependencies = (
			);
			name = "EmotiFaces-App";
			productName = "EmotiFaces-App";
			productReference = 4852F6051A72F61D00126FD4 /* EmotiFaces-App.app */;
			productType = "com.apple.product-type.application";
		};
		4852F6191A72F61D00126FD4 /* EmotiFaces-AppTests */ = {
			isa = PBXNativeTarget;
			buildConfigurationList = 4852F6271A72F61D00126FD4 /* Build configuration list for PBXNativeTarget "EmotiFaces-AppTests" */;
			buildPhases = (
				4852F6161A72F61D00126FD4 /* Sources */,
				4852F6171A72F61D00126FD4 /* Frameworks */,
				4852F6181A72F61D00126FD4 /* Resources */,
			);
			buildRules = (
			);
			dependencies = (
				4852F61C1A72F61D00126FD4 /* PBXTargetDependency */,
			);
			name = "EmotiFaces-AppTests";
			productName = "EmotiFaces-AppTests";
			productReference = 4852F61A1A72F61D00126FD4 /* EmotiFaces-AppTests.xctest */;
			productType = "com.apple.product-type.bundle.unit-test";
		};
/* End PBXNativeTarget section */

/* Begin PBXProject section */
		4852F5FD1A72F61D00126FD4 /* Project object */ = {
			isa = PBXProject;
			attributes = {
				LastUpgradeCheck = 0610;
				ORGANIZATIONNAME = "Christopher Trevino";
				TargetAttributes = {
					4852F6041A72F61D00126FD4 = {
						CreatedOnToolsVersion = 6.1.1;
					};
					4852F6191A72F61D00126FD4 = {
						CreatedOnToolsVersion = 6.1.1;
						TestTargetID = 4852F6041A72F61D00126FD4;
					};
				};
			};
			buildConfigurationList = 4852F6001A72F61D00126FD4 /* Build configuration list for PBXProject "EmotiFaces-App" */;
			compatibilityVersion = "Xcode 3.2";
			developmentRegion = English;
			hasScannedForEncodings = 0;
			knownRegions = (
				en,
				Base,
			);
			mainGroup = 4852F5FC1A72F61D00126FD4;
			productRefGroup = 4852F6061A72F61D00126FD4 /* Products */;
			projectDirPath = "";
			projectRoot = "";
			targets = (
				4852F6041A72F61D00126FD4 /* EmotiFaces-App */,
				4852F6191A72F61D00126FD4 /* EmotiFaces-AppTests */,
			);
		};
/* End PBXProject section */

/* Begin PBXResourcesBuildPhase section */
		4852F6031A72F61D00126FD4 /* Resources */ = {
			isa = PBXResourcesBuildPhase;
			buildActionMask = 2147483647;
			files = (
				4852F6101A72F61D00126FD4 /* Main.storyboard in Resources */,
				4852F62D1A72FD8000126FD4 /* latest.png in Resources */,
				48B694611A799362009E532A /* Screen Shot 2015-01-28 at 1.59.38 PM.png in Resources */,
				4852F6151A72F61D00126FD4 /* LaunchScreen.xib in Resources */,
				487D97741A7FF22B00674A29 /* happyFace.png in Resources */,
				4852F62B1A72F9FA00126FD4 /* 10428063_10155122623950599_7474945140074512348_n.jpg in Resources */,
				4852F6121A72F61D00126FD4 /* Images.xcassets in Resources */,
			);
			runOnlyForDeploymentPostprocessing = 0;
		};
		4852F6181A72F61D00126FD4 /* Resources */ = {
			isa = PBXResourcesBuildPhase;
			buildActionMask = 2147483647;
			files = (
			);
			runOnlyForDeploymentPostprocessing = 0;
		};
/* End PBXResourcesBuildPhase section */

/* Begin PBXSourcesBuildPhase section */
		4852F6011A72F61D00126FD4 /* Sources */ = {
			isa = PBXSourcesBuildPhase;
			buildActionMask = 2147483647;
			files = (
				48E422F31A78325600B8F75E /* SwiftyJSON.swift in Sources */,
				48B6945F1A78A69A009E532A /* CameraViewController.swift in Sources */,
				4852F60D1A72F61D00126FD4 /* ViewController.swift in Sources */,
				4852F60B1A72F61D00126FD4 /* AppDelegate.swift in Sources */,
			);
			runOnlyForDeploymentPostprocessing = 0;
		};
		4852F6161A72F61D00126FD4 /* Sources */ = {
			isa = PBXSourcesBuildPhase;
			buildActionMask = 2147483647;
			files = (
				4852F6211A72F61D00126FD4 /* EmotiFaces_AppTests.swift in Sources */,
			);
			runOnlyForDeploymentPostprocessing = 0;
		};
/* End PBXSourcesBuildPhase section */

/* Begin PBXTargetDependency section */
		4852F61C1A72F61D00126FD4 /* PBXTargetDependency */ = {
			isa = PBXTargetDependency;
			target = 4852F6041A72F61D00126FD4 /* EmotiFaces-App */;
			targetProxy = 4852F61B1A72F61D00126FD4 /* PBXContainerItemProxy */;
		};
/* End PBXTargetDependency section */

/* Begin PBXVariantGroup section */
		4852F60E1A72F61D00126FD4 /* Main.storyboard */ = {
			isa = PBXVariantGroup;
			children = (
				4852F60F1A72F61D00126FD4 /* Base */,
			);
			name = Main.storyboard;
			sourceTree = "<group>";
		};
		4852F6131A72F61D00126FD4 /* LaunchScreen.xib */ = {
			isa = PBXVariantGroup;
			children = (
				4852F6141A72F61D00126FD4 /* Base */,
			);
			name = LaunchScreen.xib;
			sourceTree = "<group>";
		};
/* End PBXVariantGroup section */

/* Begin XCBuildConfiguration section */
		4852F6221A72F61D00126FD4 /* Debug */ = {
			isa = XCBuildConfiguration;
			buildSettings = {
				ALWAYS_SEARCH_USER_PATHS = NO;
				CLANG_CXX_LANGUAGE_STANDARD = "gnu++0x";
				CLANG_CXX_LIBRARY = "libc++";
				CLANG_ENABLE_MODULES = YES;
				CLANG_ENABLE_OBJC_ARC = YES;
				CLANG_WARN_BOOL_CONVERSION = YES;
				CLANG_WARN_CONSTANT_CONVERSION = YES;
				CLANG_WARN_DIRECT_OBJC_ISA_USAGE = YES_ERROR;
				CLANG_WARN_EMPTY_BODY = YES;
				CLANG_WARN_ENUM_CONVERSION = YES;
				CLANG_WARN_INT_CONVERSION = YES;
				CLANG_WARN_OBJC_ROOT_CLASS = YES_ERROR;
				CLANG_WARN_UNREACHABLE_CODE = YES;
				CLANG_WARN__DUPLICATE_METHOD_MATCH = YES;
				"CODE_SIGN_IDENTITY[sdk=iphoneos*]" = "iPhone Developer";
				COPY_PHASE_STRIP = NO;
				ENABLE_STRICT_OBJC_MSGSEND = YES;
				GCC_C_LANGUAGE_STANDARD = gnu99;
				GCC_DYNAMIC_NO_PIC = NO;
				GCC_OPTIMIZATION_LEVEL = 0;
				GCC_PREPROCESSOR_DEFINITIONS = (
					"DEBUG=1",
					"$(inherited)",
				);
				GCC_SYMBOLS_PRIVATE_EXTERN = NO;
				GCC_WARN_64_TO_32_BIT_CONVERSION = YES;
				GCC_WARN_ABOUT_RETURN_TYPE = YES_ERROR;
				GCC_WARN_UNDECLARED_SELECTOR = YES;
				GCC_WARN_UNINITIALIZED_AUTOS = YES_AGGRESSIVE;
				GCC_WARN_UNUSED_FUNCTION = YES;
				GCC_WARN_UNUSED_VARIABLE = YES;
				IPHONEOS_DEPLOYMENT_TARGET = 8.1;
				MTL_ENABLE_DEBUG_INFO = YES;
				ONLY_ACTIVE_ARCH = YES;
				SDKROOT = iphoneos;
				SWIFT_OPTIMIZATION_LEVEL = "-Onone";
			};
			name = Debug;
		};
		4852F6231A72F61D00126FD4 /* Release */ = {
			isa = XCBuildConfiguration;
			buildSettings = {
				ALWAYS_SEARCH_USER_PATHS = NO;
				CLANG_CXX_LANGUAGE_STANDARD = "gnu++0x";
				CLANG_CXX_LIBRARY = "libc++";
				CLANG_ENABLE_MODULES = YES;
				CLANG_ENABLE_OBJC_ARC = YES;
				CLANG_WARN_BOOL_CONVERSION = YES;
				CLANG_WARN_CONSTANT_CONVERSION = YES;
				CLANG_WARN_DIRECT_OBJC_ISA_USAGE = YES_ERROR;
				CLANG_WARN_EMPTY_BODY = YES;
				CLANG_WARN_ENUM_CONVERSION = YES;
				CLANG_WARN_INT_CONVERSION = YES;
				CLANG_WARN_OBJC_ROOT_CLASS = YES_ERROR;
				CLANG_WARN_UNREACHABLE_CODE = YES;
				CLANG_WARN__DUPLICATE_METHOD_MATCH = YES;
				"CODE_SIGN_IDENTITY[sdk=iphoneos*]" = "iPhone Developer";
				COPY_PHASE_STRIP = YES;
				ENABLE_NS_ASSERTIONS = NO;
				ENABLE_STRICT_OBJC_MSGSEND = YES;
				GCC_C_LANGUAGE_STANDARD = gnu99;
				GCC_WARN_64_TO_32_BIT_CONVERSION = YES;
				GCC_WARN_ABOUT_RETURN_TYPE = YES_ERROR;
				GCC_WARN_UNDECLARED_SELECTOR = YES;
				GCC_WARN_UNINITIALIZED_AUTOS = YES_AGGRESSIVE;
				GCC_WARN_UNUSED_FUNCTION = YES;
				GCC_WARN_UNUSED_VARIABLE = YES;
				IPHONEOS_DEPLOYMENT_TARGET = 8.1;
				MTL_ENABLE_DEBUG_INFO = NO;
				SDKROOT = iphoneos;
				VALIDATE_PRODUCT = YES;
			};
			name = Release;
		};
		4852F6251A72F61D00126FD4 /* Debug */ = {
			isa = XCBuildConfiguration;
			buildSettings = {
				ASSETCATALOG_COMPILER_APPICON_NAME = AppIcon;
				INFOPLIST_FILE = "EmotiFaces-App/Info.plist";
				LD_RUNPATH_SEARCH_PATHS = "$(inherited) @executable_path/Frameworks";
				PRODUCT_NAME = "$(TARGET_NAME)";
			};
			name = Debug;
		};
		4852F6261A72F61D00126FD4 /* Release */ = {
			isa = XCBuildConfiguration;
			buildSettings = {
				ASSETCATALOG_COMPILER_APPICON_NAME = AppIcon;
				INFOPLIST_FILE = "EmotiFaces-App/Info.plist";
				LD_RUNPATH_SEARCH_PATHS = "$(inherited) @executable_path/Frameworks";
				PRODUCT_NAME = "$(TARGET_NAME)";
			};
			name = Release;
		};
		4852F6281A72F61D00126FD4 /* Debug */ = {
			isa = XCBuildConfiguration;
			buildSettings = {
				BUNDLE_LOADER = "$(TEST_HOST)";
				FRAMEWORK_SEARCH_PATHS = (
					"$(SDKROOT)/Developer/Library/Frameworks",
					"$(inherited)",
				);
				GCC_PREPROCESSOR_DEFINITIONS = (
					"DEBUG=1",
					"$(inherited)",
				);
				INFOPLIST_FILE = "EmotiFaces-AppTests/Info.plist";
				LD_RUNPATH_SEARCH_PATHS = "$(inherited) @executable_path/Frameworks @loader_path/Frameworks";
				PRODUCT_NAME = "$(TARGET_NAME)";
				TEST_HOST = "$(BUILT_PRODUCTS_DIR)/EmotiFaces-App.app/EmotiFaces-App";
			};
			name = Debug;
		};
		4852F6291A72F61D00126FD4 /* Release */ = {
			isa = XCBuildConfiguration;
			buildSettings = {
				BUNDLE_LOADER = "$(TEST_HOST)";
				FRAMEWORK_SEARCH_PATHS = (
					"$(SDKROOT)/Developer/Library/Frameworks",
					"$(inherited)",
				);
				INFOPLIST_FILE = "EmotiFaces-AppTests/Info.plist";
				LD_RUNPATH_SEARCH_PATHS = "$(inherited) @executable_path/Frameworks @loader_path/Frameworks";
				PRODUCT_NAME = "$(TARGET_NAME)";
				TEST_HOST = "$(BUILT_PRODUCTS_DIR)/EmotiFaces-App.app/EmotiFaces-App";
			};
			name = Release;
		};
/* End XCBuildConfiguration section */

/* Begin XCConfigurationList section */
		4852F6001A72F61D00126FD4 /* Build configuration list for PBXProject "EmotiFaces-App" */ = {
			isa = XCConfigurationList;
			buildConfigurations = (
				4852F6221A72F61D00126FD4 /* Debug */,
				4852F6231A72F61D00126FD4 /* Release */,
			);
			defaultConfigurationIsVisible = 0;
			defaultConfigurationName = Release;
		};
		4852F6241A72F61D00126FD4 /* Build configuration list for PBXNativeTarget "EmotiFaces-App" */ = {
			isa = XCConfigurationList;
			buildConfigurations = (
				4852F6251A72F61D00126FD4 /* Debug */,
				4852F6261A72F61D00126FD4 /* Release */,
			);
			defaultConfigurationIsVisible = 0;
			defaultConfigurationName = Release;
		};
		4852F6271A72F61D00126FD4 /* Build configuration list for PBXNativeTarget "EmotiFaces-AppTests" */ = {
			isa = XCConfigurationList;
			buildConfigurations = (
				4852F6281A72F61D00126FD4 /* Debug */,
				4852F6291A72F61D00126FD4 /* Release */,
			);
			defaultConfigurationIsVisible = 0;
			defaultConfigurationName = Release;
		};
/* End XCConfigurationList section */
	};
	rootObject = 4852F5FD1A72F61D00126FD4 /* Project object */;
}
